
Microsoft Visual Studio Solution File, Format Version 12.00
# Visual Studio 14
VisualStudioVersion = 14.0.25420.1
MinimumVisualStudioVersion = 10.0.40219.1
Project("{2150E333-8FDC-42A3-9474-1A3956D46DE8}") = "Solution Items", "Solution Items", "{5B770042-CFC1-4B48-90B3-8686E2A940A1}"
	ProjectSection(SolutionItems) = preProject
		..\TODO.md = ..\TODO.md
	EndProjectSection
EndProject
Project("{FAE04EC0-301F-11D3-BF4B-00C04F79EFBC}") = "SharpVk.HelloTriangle", "SharpVk.HelloTriangle\SharpVk.HelloTriangle.csproj", "{17144F43-9B1B-4C5B-8003-DBEB98845D62}"
EndProject
Project("{FAE04EC0-301F-11D3-BF4B-00C04F79EFBC}") = "SharpVk.VertexBuffers", "SharpVk.VertexBuffers\SharpVk.VertexBuffers.csproj", "{79F91D9E-9C81-4083-A91A-1702F04F8900}"
EndProject
Project("{FAE04EC0-301F-11D3-BF4B-00C04F79EFBC}") = "GlmSharp", "..\GlmSharp\GlmSharp\GlmSharp.csproj", "{6334356E-18CA-405F-AB83-83A3B91D48BD}"
EndProject
Project("{FAE04EC0-301F-11D3-BF4B-00C04F79EFBC}") = "SharpVk", "SharpVk\SharpVk.csproj", "{E4D3A6A0-3FF2-4C9C-ADCC-EC10BC6A7F8C}"
EndProject
Global
	GlobalSection(SolutionConfigurationPlatforms) = preSolution
		Debug|Any CPU = Debug|Any CPU
		Debug|ARM = Debug|ARM
		Debug|x64 = Debug|x64
		Debug|x86 = Debug|x86
		Release|Any CPU = Release|Any CPU
		Release|ARM = Release|ARM
		Release|x64 = Release|x64
		Release|x86 = Release|x86
	EndGlobalSection
	GlobalSection(ProjectConfigurationPlatforms) = postSolution
		{17144F43-9B1B-4C5B-8003-DBEB98845D62}.Debug|Any CPU.ActiveCfg = Debug|Any CPU
		{17144F43-9B1B-4C5B-8003-DBEB98845D62}.Debug|Any CPU.Build.0 = Debug|Any CPU
		{17144F43-9B1B-4C5B-8003-DBEB98845D62}.Debug|ARM.ActiveCfg = Debug|Any CPU
		{17144F43-9B1B-4C5B-8003-DBEB98845D62}.Debug|ARM.Build.0 = Debug|Any CPU
		{17144F43-9B1B-4C5B-8003-DBEB98845D62}.Debug|x64.ActiveCfg = Debug|Any CPU
		{17144F43-9B1B-4C5B-8003-DBEB98845D62}.Debug|x64.Build.0 = Debug|Any CPU
		{17144F43-9B1B-4C5B-8003-DBEB98845D62}.Debug|x86.ActiveCfg = Debug|Any CPU
		{17144F43-9B1B-4C5B-8003-DBEB98845D62}.Debug|x86.Build.0 = Debug|Any CPU
		{17144F43-9B1B-4C5B-8003-DBEB98845D62}.Release|Any CPU.ActiveCfg = Release|Any CPU
		{17144F43-9B1B-4C5B-8003-DBEB98845D62}.Release|Any CPU.Build.0 = Release|Any CPU
		{17144F43-9B1B-4C5B-8003-DBEB98845D62}.Release|ARM.ActiveCfg = Release|Any CPU
		{17144F43-9B1B-4C5B-8003-DBEB98845D62}.Release|ARM.Build.0 = Release|Any CPU
		{17144F43-9B1B-4C5B-8003-DBEB98845D62}.Release|x64.ActiveCfg = Release|Any CPU
		{17144F43-9B1B-4C5B-8003-DBEB98845D62}.Release|x64.Build.0 = Release|Any CPU
		{17144F43-9B1B-4C5B-8003-DBEB98845D62}.Release|x86.ActiveCfg = Release|Any CPU
		{17144F43-9B1B-4C5B-8003-DBEB98845D62}.Release|x86.Build.0 = Release|Any CPU
		{79F91D9E-9C81-4083-A91A-1702F04F8900}.Debug|Any CPU.ActiveCfg = Debug|Any CPU
		{79F91D9E-9C81-4083-A91A-1702F04F8900}.Debug|Any CPU.Build.0 = Debug|Any CPU
		{79F91D9E-9C81-4083-A91A-1702F04F8900}.Debug|ARM.ActiveCfg = Debug|Any CPU
		{79F91D9E-9C81-4083-A91A-1702F04F8900}.Debug|ARM.Build.0 = Debug|Any CPU
		{79F91D9E-9C81-4083-A91A-1702F04F8900}.Debug|x64.ActiveCfg = Debug|Any CPU
		{79F91D9E-9C81-4083-A91A-1702F04F8900}.Debug|x64.Build.0 = Debug|Any CPU
		{79F91D9E-9C81-4083-A91A-1702F04F8900}.Debug|x86.ActiveCfg = Debug|Any CPU
		{79F91D9E-9C81-4083-A91A-1702F04F8900}.Debug|x86.Build.0 = Debug|Any CPU
		{79F91D9E-9C81-4083-A91A-1702F04F8900}.Release|Any CPU.ActiveCfg = Release|Any CPU
		{79F91D9E-9C81-4083-A91A-1702F04F8900}.Release|Any CPU.Build.0 = Release|Any CPU
		{79F91D9E-9C81-4083-A91A-1702F04F8900}.Release|ARM.ActiveCfg = Release|Any CPU
		{79F91D9E-9C81-4083-A91A-1702F04F8900}.Release|ARM.Build.0 = Release|Any CPU
		{79F91D9E-9C81-4083-A91A-1702F04F8900}.Release|x64.ActiveCfg = Release|Any CPU
		{79F91D9E-9C81-4083-A91A-1702F04F8900}.Release|x64.Build.0 = Release|Any CPU
		{79F91D9E-9C81-4083-A91A-1702F04F8900}.Release|x86.ActiveCfg = Release|Any CPU
		{79F91D9E-9C81-4083-A91A-1702F04F8900}.Release|x86.Build.0 = Release|Any CPU
		{6334356E-18CA-405F-AB83-83A3B91D48BD}.Debug|Any CPU.ActiveCfg = Debug|Any CPU
		{6334356E-18CA-405F-AB83-83A3B91D48BD}.Debug|Any CPU.Build.0 = Debug|Any CPU
		{6334356E-18CA-405F-AB83-83A3B91D48BD}.Debug|ARM.ActiveCfg = Debug|ARM
		{6334356E-18CA-405F-AB83-83A3B91D48BD}.Debug|ARM.Build.0 = Debug|ARM
		{6334356E-18CA-405F-AB83-83A3B91D48BD}.Debug|x64.ActiveCfg = Debug|x64
		{6334356E-18CA-405F-AB83-83A3B91D48BD}.Debug|x64.Build.0 = Debug|x64
		{6334356E-18CA-405F-AB83-83A3B91D48BD}.Debug|x86.ActiveCfg = Debug|x86
		{6334356E-18CA-405F-AB83-83A3B91D48BD}.Debug|x86.Build.0 = Debug|x86
		{6334356E-18CA-405F-AB83-83A3B91D48BD}.Release|Any CPU.ActiveCfg = Release|Any CPU
		{6334356E-18CA-405F-AB83-83A3B91D48BD}.Release|Any CPU.Build.0 = Release|Any CPU
		{6334356E-18CA-405F-AB83-83A3B91D48BD}.Release|ARM.ActiveCfg = Release|ARM
		{6334356E-18CA-405F-AB83-83A3B91D48BD}.Release|ARM.Build.0 = Release|ARM
		{6334356E-18CA-405F-AB83-83A3B91D48BD}.Release|x64.ActiveCfg = Release|x64
		{6334356E-18CA-405F-AB83-83A3B91D48BD}.Release|x64.Build.0 = Release|x64
		{6334356E-18CA-405F-AB83-83A3B91D48BD}.Release|x86.ActiveCfg = Release|x86
		{6334356E-18CA-405F-AB83-83A3B91D48BD}.Release|x86.Build.0 = Release|x86
		{E4D3A6A0-3FF2-4C9C-ADCC-EC10BC6A7F8C}.Debug|Any CPU.ActiveCfg = Debug|Any CPU
		{E4D3A6A0-3FF2-4C9C-ADCC-EC10BC6A7F8C}.Debug|Any CPU.Build.0 = Debug|Any CPU
		{E4D3A6A0-3FF2-4C9C-ADCC-EC10BC6A7F8C}.Debug|ARM.ActiveCfg = Debug|ARM
		{E4D3A6A0-3FF2-4C9C-ADCC-EC10BC6A7F8C}.Debug|ARM.Build.0 = Debug|ARM
		{E4D3A6A0-3FF2-4C9C-ADCC-EC10BC6A7F8C}.Debug|x64.ActiveCfg = Debug|x64
		{E4D3A6A0-3FF2-4C9C-ADCC-EC10BC6A7F8C}.Debug|x64.Build.0 = Debug|x64
		{E4D3A6A0-3FF2-4C9C-ADCC-EC10BC6A7F8C}.Debug|x86.ActiveCfg = Debug|x86
		{E4D3A6A0-3FF2-4C9C-ADCC-EC10BC6A7F8C}.Debug|x86.Build.0 = Debug|x86
		{E4D3A6A0-3FF2-4C9C-ADCC-EC10BC6A7F8C}.Release|Any CPU.ActiveCfg = Release|Any CPU
		{E4D3A6A0-3FF2-4C9C-ADCC-EC10BC6A7F8C}.Release|Any CPU.Build.0 = Release|Any CPU
		{E4D3A6A0-3FF2-4C9C-ADCC-EC10BC6A7F8C}.Release|ARM.ActiveCfg = Release|ARM
		{E4D3A6A0-3FF2-4C9C-ADCC-EC10BC6A7F8C}.Release|ARM.Build.0 = Release|ARM
		{E4D3A6A0-3FF2-4C9C-ADCC-EC10BC6A7F8C}.Release|x64.ActiveCfg = Release|x64
		{E4D3A6A0-3FF2-4C9C-ADCC-EC10BC6A7F8C}.Release|x64.Build.0 = Release|x64
		{E4D3A6A0-3FF2-4C9C-ADCC-EC10BC6A7F8C}.Release|x86.ActiveCfg = Release|x86
		{E4D3A6A0-3FF2-4C9C-ADCC-EC10BC6A7F8C}.Release|x86.Build.0 = Release|x86
	EndGlobalSection
	GlobalSection(SolutionProperties) = preSolution
		HideSolutionNode = FALSE
	EndGlobalSection
EndGlobal
